
Microsoft Visual Studio Solution File, Format Version 12.00
# Visual Studio 15
VisualStudioVersion = 15.0.28307.645
MinimumVisualStudioVersion = 10.0.40219.1
Project("{FAE04EC0-301F-11D3-BF4B-00C04F79EFBC}") = "ProjectParser", "ProjectParser\ProjectParser.csproj", "{1883A712-50FF-4A75-B622-21C3DD07AC4D}"
EndProject
Global
	GlobalSection(SolutionConfigurationPlatforms) = preSolution
		Debug|Any CPU = Debug|Any CPU
		Release|Any CPU = Release|Any CPU
	EndGlobalSection
	GlobalSection(ProjectConfigurationPlatforms) = postSolution
		{1883A712-50FF-4A75-B622-21C3DD07AC4D}.Debug|Any CPU.ActiveCfg = Debug|Any CPU
		{1883A712-50FF-4A75-B622-21C3DD07AC4D}.Debug|Any CPU.Build.0 = Debug|Any CPU
		{1883A712-50FF-4A75-B622-21C3DD07AC4D}.Release|Any CPU.ActiveCfg = Release|Any CPU
		{1883A712-50FF-4A75-B622-21C3DD07AC4D}.Release|Any CPU.Build.0 = Release|Any CPU
	EndGlobalSection
	GlobalSection(SolutionProperties) = preSolution
		HideSolutionNode = FALSE
	EndGlobalSection
	GlobalSection(ExtensibilityGlobals) = postSolution
		SolutionGuid = {591F864B-66FB-4AD4-AAEF-FE661681F099}
	EndGlobalSection
EndGlobal
